
Microsoft Visual Studio Solution File, Format Version 12.00
# Visual Studio 2012
Project("{FAE04EC0-301F-11D3-BF4B-00C04F79EFBC}") = "MLSpam", "MLSpam\MLSpam.csproj", "{2427E714-820C-4F1A-B0C6-A8DC5139DABB}"
EndProject
Global
	GlobalSection(SolutionConfigurationPlatforms) = preSolution
		Debug|Any CPU = Debug|Any CPU
		Release|Any CPU = Release|Any CPU
	EndGlobalSection
	GlobalSection(ProjectConfigurationPlatforms) = postSolution
		{2427E714-820C-4F1A-B0C6-A8DC5139DABB}.Debug|Any CPU.ActiveCfg = Debug|Any CPU
		{2427E714-820C-4F1A-B0C6-A8DC5139DABB}.Debug|Any CPU.Build.0 = Debug|Any CPU
		{2427E714-820C-4F1A-B0C6-A8DC5139DABB}.Release|Any CPU.ActiveCfg = Release|Any CPU
		{2427E714-820C-4F1A-B0C6-A8DC5139DABB}.Release|Any CPU.Build.0 = Release|Any CPU
	EndGlobalSection
	GlobalSection(SolutionProperties) = preSolution
		HideSolutionNode = FALSE
	EndGlobalSection
EndGlobal
